// !$*UTF8*$!
{
	archiveVersion = 1;
	classes = {
	};
	objectVersion = 50;
	objects = {

/* Begin PBXBuildFile section */
		2A2698DE242C49C8006166C8 /* AppDelegate.swift in Sources */ = {isa = PBXBuildFile; fileRef = 2A2698DD242C49C8006166C8 /* AppDelegate.swift */; };
		2A2698E0242C49C8006166C8 /* ViewController.swift in Sources */ = {isa = PBXBuildFile; fileRef = 2A2698DF242C49C8006166C8 /* ViewController.swift */; };
		2A2698E3242C49C8006166C8 /* Main.storyboard in Resources */ = {isa = PBXBuildFile; fileRef = 2A2698E1242C49C8006166C8 /* Main.storyboard */; };
		2A2698E5242C49CE006166C8 /* Assets.xcassets in Resources */ = {isa = PBXBuildFile; fileRef = 2A2698E4242C49CE006166C8 /* Assets.xcassets */; };
		2A2698E8242C49CE006166C8 /* LaunchScreen.storyboard in Resources */ = {isa = PBXBuildFile; fileRef = 2A2698E6242C49CE006166C8 /* LaunchScreen.storyboard */; };
		2A2698F0242C4B5E006166C8 /* ChannelTableViewCell.swift in Sources */ = {isa = PBXBuildFile; fileRef = 2A2698EF242C4B5E006166C8 /* ChannelTableViewCell.swift */; };
		2A2698F2242C5820006166C8 /* VideoViewController.swift in Sources */ = {isa = PBXBuildFile; fileRef = 2A2698F1242C5820006166C8 /* VideoViewController.swift */; };
		2A2698F4242C5870006166C8 /* PlaylistViewController.swift in Sources */ = {isa = PBXBuildFile; fileRef = 2A2698F3242C5870006166C8 /* PlaylistViewController.swift */; };
		2A2698F6242C5D4B006166C8 /* VideoTableViewCell.swift in Sources */ = {isa = PBXBuildFile; fileRef = 2A2698F5242C5D4B006166C8 /* VideoTableViewCell.swift */; };
		2A2698FC242C6853006166C8 /* model.swift in Sources */ = {isa = PBXBuildFile; fileRef = 2A2698FB242C6853006166C8 /* model.swift */; };
/* End PBXBuildFile section */

/* Begin PBXFileReference section */
		2A2698DA242C49C8006166C8 /* Task.app */ = {isa = PBXFileReference; explicitFileType = wrapper.application; includeInIndex = 0; path = Task.app; sourceTree = BUILT_PRODUCTS_DIR; };
		2A2698DD242C49C8006166C8 /* AppDelegate.swift */ = {isa = PBXFileReference; lastKnownFileType = sourcecode.swift; path = AppDelegate.swift; sourceTree = "<group>"; };
		2A2698DF242C49C8006166C8 /* ViewController.swift */ = {isa = PBXFileReference; lastKnownFileType = sourcecode.swift; path = ViewController.swift; sourceTree = "<group>"; };
		2A2698E2242C49C8006166C8 /* Base */ = {isa = PBXFileReference; lastKnownFileType = file.storyboard; name = Base; path = Base.lproj/Main.storyboard; sourceTree = "<group>"; };
		2A2698E4242C49CE006166C8 /* Assets.xcassets */ = {isa = PBXFileReference; lastKnownFileType = folder.assetcatalog; path = Assets.xcassets; sourceTree = "<group>"; };
		2A2698E7242C49CE006166C8 /* Base */ = {isa = PBXFileReference; lastKnownFileType = file.storyboard; name = Base; path = Base.lproj/LaunchScreen.storyboard; sourceTree = "<group>"; };
		2A2698E9242C49CE006166C8 /* Info.plist */ = {isa = PBXFileReference; lastKnownFileType = text.plist.xml; path = Info.plist; sourceTree = "<group>"; };
		2A2698EF242C4B5E006166C8 /* ChannelTableViewCell.swift */ = {isa = PBXFileReference; lastKnownFileType = sourcecode.swift; path = ChannelTableViewCell.swift; sourceTree = "<group>"; };
		2A2698F1242C5820006166C8 /* VideoViewController.swift */ = {isa = PBXFileReference; lastKnownFileType = sourcecode.swift; path = VideoViewController.swift; sourceTree = "<group>"; };
		2A2698F3242C5870006166C8 /* PlaylistViewController.swift */ = {isa = PBXFileReference; lastKnownFileType = sourcecode.swift; path = PlaylistViewController.swift; sourceTree = "<group>"; };
		2A2698F5242C5D4B006166C8 /* VideoTableViewCell.swift */ = {isa = PBXFileReference; lastKnownFileType = sourcecode.swift; path = VideoTableViewCell.swift; sourceTree = "<group>"; };
		2A2698FB242C6853006166C8 /* model.swift */ = {isa = PBXFileReference; lastKnownFileType = sourcecode.swift; path = model.swift; sourceTree = "<group>"; };
/* End PBXFileReference section */

/* Begin PBXFrameworksBuildPhase section */
		2A2698D7242C49C8006166C8 /* Frameworks */ = {
			isa = PBXFrameworksBuildPhase;
			buildActionMask = 2147483647;
			files = (
			);
			runOnlyForDeploymentPostprocessing = 0;
		};
/* End PBXFrameworksBuildPhase section */

/* Begin PBXGroup section */
		2A2698D1242C49C8006166C8 = {
			isa = PBXGroup;
			children = (
				2A2698DC242C49C8006166C8 /* Task */,
				2A2698DB242C49C8006166C8 /* Products */,
			);
			sourceTree = "<group>";
		};
		2A2698DB242C49C8006166C8 /* Products */ = {
			isa = PBXGroup;
			children = (
				2A2698DA242C49C8006166C8 /* Task.app */,
			);
			name = Products;
			sourceTree = "<group>";
		};
		2A2698DC242C49C8006166C8 /* Task */ = {
			isa = PBXGroup;
			children = (
				2A2698F8242C6824006166C8 /* Model */,
				2A2698F9242C682B006166C8 /* View */,
				2A2698FA242C6832006166C8 /* Controller */,
				2A2698DD242C49C8006166C8 /* AppDelegate.swift */,
				2A2698DF242C49C8006166C8 /* ViewController.swift */,
				2A2698E1242C49C8006166C8 /* Main.storyboard */,
				2A2698E4242C49CE006166C8 /* Assets.xcassets */,
				2A2698E6242C49CE006166C8 /* LaunchScreen.storyboard */,
				2A2698E9242C49CE006166C8 /* Info.plist */,
			);
			path = Task;
			sourceTree = "<group>";
		};
		2A2698F8242C6824006166C8 /* Model */ = {
			isa = PBXGroup;
			children = (
				2A2698FB242C6853006166C8 /* model.swift */,
			);
			path = Model;
			sourceTree = "<group>";
		};
		2A2698F9242C682B006166C8 /* View */ = {
			isa = PBXGroup;
			children = (
				2A2698F5242C5D4B006166C8 /* VideoTableViewCell.swift */,
				2A2698EF242C4B5E006166C8 /* ChannelTableViewCell.swift */,
			);
			path = View;
			sourceTree = "<group>";
		};
		2A2698FA242C6832006166C8 /* Controller */ = {
			isa = PBXGroup;
			children = (
				2A2698F3242C5870006166C8 /* PlaylistViewController.swift */,
				2A2698F1242C5820006166C8 /* VideoViewController.swift */,
			);
			path = Controller;
			sourceTree = "<group>";
		};
/* End PBXGroup section */

/* Begin PBXNativeTarget section */
		2A2698D9242C49C8006166C8 /* Task */ = {
			isa = PBXNativeTarget;
			buildConfigurationList = 2A2698EC242C49CE006166C8 /* Build configuration list for PBXNativeTarget "Task" */;
			buildPhases = (
				2A2698D6242C49C8006166C8 /* Sources */,
				2A2698D7242C49C8006166C8 /* Frameworks */,
				2A2698D8242C49C8006166C8 /* Resources */,
			);
			buildRules = (
			);
			dependencies = (
			);
			name = Task;
			productName = Task;
			productReference = 2A2698DA242C49C8006166C8 /* Task.app */;
			productType = "com.apple.product-type.application";
		};
/* End PBXNativeTarget section */

/* Begin PBXProject section */
		2A2698D2242C49C8006166C8 /* Project object */ = {
			isa = PBXProject;
			attributes = {
				LastSwiftUpdateCheck = 1030;
				LastUpgradeCheck = 1030;
				ORGANIZATIONNAME = "Seif Yousry";
				TargetAttributes = {
					2A2698D9242C49C8006166C8 = {
						CreatedOnToolsVersion = 10.3;
					};
				};
			};
			buildConfigurationList = 2A2698D5242C49C8006166C8 /* Build configuration list for PBXProject "Task" */;
			compatibilityVersion = "Xcode 9.3";
			developmentRegion = en;
			hasScannedForEncodings = 0;
			knownRegions = (
				en,
				Base,
			);
			mainGroup = 2A2698D1242C49C8006166C8;
			productRefGroup = 2A2698DB242C49C8006166C8 /* Products */;
			projectDirPath = "";
			projectRoot = "";
			targets = (
				2A2698D9242C49C8006166C8 /* Task */,
			);
		};
/* End PBXProject section */

/* Begin PBXResourcesBuildPhase section */
		2A2698D8242C49C8006166C8 /* Resources */ = {
			isa = PBXResourcesBuildPhase;
			buildActionMask = 2147483647;
			files = (
				2A2698E8242C49CE006166C8 /* LaunchScreen.storyboard in Resources */,
				2A2698E5242C49CE006166C8 /* Assets.xcassets in Resources */,
				2A2698E3242C49C8006166C8 /* Main.storyboard in Resources */,
			);
			runOnlyForDeploymentPostprocessing = 0;
		};
/* End PBXResourcesBuildPhase section */

/* Begin PBXSourcesBuildPhase section */
		2A2698D6242C49C8006166C8 /* Sources */ = {
			isa = PBXSourcesBuildPhase;
			buildActionMask = 2147483647;
			files = (
				2A2698E0242C49C8006166C8 /* ViewController.swift in Sources */,
				2A2698F4242C5870006166C8 /* PlaylistViewController.swift in Sources */,
				2A2698DE242C49C8006166C8 /* AppDelegate.swift in Sources */,
				2A2698F2242C5820006166C8 /* VideoViewController.swift in Sources */,
				2A2698F0242C4B5E006166C8 /* ChannelTableViewCell.swift in Sources */,
				2A2698FC242C6853006166C8 /* model.swift in Sources */,
				2A2698F6242C5D4B006166C8 /* VideoTableViewCell.swift in Sources */,
			);
			runOnlyForDeploymentPostprocessing = 0;
		};
/* End PBXSourcesBuildPhase section */

/* Begin PBXVariantGroup section */
		2A2698E1242C49C8006166C8 /* Main.storyboard */ = {
			isa = PBXVariantGroup;
			children = (
				2A2698E2242C49C8006166C8 /* Base */,
			);
			name = Main.storyboard;
			sourceTree = "<group>";
		};
		2A2698E6242C49CE006166C8 /* LaunchScreen.storyboard */ = {
			isa = PBXVariantGroup;
			children = (
				2A2698E7242C49CE006166C8 /* Base */,
			);
			name = LaunchScreen.storyboard;
			sourceTree = "<group>";
		};
/* End PBXVariantGroup section */

/* Begin XCBuildConfiguration section */
		2A2698EA242C49CE006166C8 /* Debug */ = {
			isa = XCBuildConfiguration;
			buildSettings = {
				ALWAYS_SEARCH_USER_PATHS = NO;
				CLANG_ANALYZER_NONNULL = YES;
				CLANG_ANALYZER_NUMBER_OBJECT_CONVERSION = YES_AGGRESSIVE;
				CLANG_CXX_LANGUAGE_STANDARD = "gnu++14";
				CLANG_CXX_LIBRARY = "libc++";
				CLANG_ENABLE_MODULES = YES;
				CLANG_ENABLE_OBJC_ARC = YES;
				CLANG_ENABLE_OBJC_WEAK = YES;
				CLANG_WARN_BLOCK_CAPTURE_AUTORELEASING = YES;
				CLANG_WARN_BOOL_CONVERSION = YES;
				CLANG_WARN_COMMA = YES;
				CLANG_WARN_CONSTANT_CONVERSION = YES;
				CLANG_WARN_DEPRECATED_OBJC_IMPLEMENTATIONS = YES;
				CLANG_WARN_DIRECT_OBJC_ISA_USAGE = YES_ERROR;
				CLANG_WARN_DOCUMENTATION_COMMENTS = YES;
				CLANG_WARN_EMPTY_BODY = YES;
				CLANG_WARN_ENUM_CONVERSION = YES;
				CLANG_WARN_INFINITE_RECURSION = YES;
				CLANG_WARN_INT_CONVERSION = YES;
				CLANG_WARN_NON_LITERAL_NULL_CONVERSION = YES;
				CLANG_WARN_OBJC_IMPLICIT_RETAIN_SELF = YES;
				CLANG_WARN_OBJC_LITERAL_CONVERSION = YES;
				CLANG_WARN_OBJC_ROOT_CLASS = YES_ERROR;
				CLANG_WARN_RANGE_LOOP_ANALYSIS = YES;
				CLANG_WARN_STRICT_PROTOTYPES = YES;
				CLANG_WARN_SUSPICIOUS_MOVE = YES;
				CLANG_WARN_UNGUARDED_AVAILABILITY = YES_AGGRESSIVE;
				CLANG_WARN_UNREACHABLE_CODE = YES;
				CLANG_WARN__DUPLICATE_METHOD_MATCH = YES;
				CODE_SIGN_IDENTITY = "iPhone Developer";
				COPY_PHASE_STRIP = NO;
				DEBUG_INFORMATION_FORMAT = dwarf;
				ENABLE_STRICT_OBJC_MSGSEND = YES;
				ENABLE_TESTABILITY = YES;
				GCC_C_LANGUAGE_STANDARD = gnu11;
				GCC_DYNAMIC_NO_PIC = NO;
				GCC_NO_COMMON_BLOCKS = YES;
				GCC_OPTIMIZATION_LEVEL = 0;
				GCC_PREPROCESSOR_DEFINITIONS = (
					"DEBUG=1",
					"$(inherited)",
				);
				GCC_WARN_64_TO_32_BIT_CONVERSION = YES;
				GCC_WARN_ABOUT_RETURN_TYPE = YES_ERROR;
				GCC_WARN_UNDECLARED_SELECTOR = YES;
				GCC_WARN_UNINITIALIZED_AUTOS = YES_AGGRESSIVE;
				GCC_WARN_UNUSED_FUNCTION = YES;
				GCC_WARN_UNUSED_VARIABLE = YES;
				IPHONEOS_DEPLOYMENT_TARGET = 12.4;
				MTL_ENABLE_DEBUG_INFO = INCLUDE_SOURCE;
				MTL_FAST_MATH = YES;
				ONLY_ACTIVE_ARCH = YES;
				SDKROOT = iphoneos;
				SWIFT_ACTIVE_COMPILATION_CONDITIONS = DEBUG;
				SWIFT_OPTIMIZATION_LEVEL = "-Onone";
			};
			name = Debug;
		};
		2A2698EB242C49CE006166C8 /* Release */ = {
			isa = XCBuildConfiguration;
			buildSettings = {
				ALWAYS_SEARCH_USER_PATHS = NO;
				CLANG_ANALYZER_NONNULL = YES;
				CLANG_ANALYZER_NUMBER_OBJECT_CONVERSION = YES_AGGRESSIVE;
				CLANG_CXX_LANGUAGE_STANDARD = "gnu++14";
				CLANG_CXX_LIBRARY = "libc++";
				CLANG_ENABLE_MODULES = YES;
				CLANG_ENABLE_OBJC_ARC = YES;
				CLANG_ENABLE_OBJC_WEAK = YES;
				CLANG_WARN_BLOCK_CAPTURE_AUTORELEASING = YES;
				CLANG_WARN_BOOL_CONVERSION = YES;
				CLANG_WARN_COMMA = YES;
				CLANG_WARN_CONSTANT_CONVERSION = YES;
				CLANG_WARN_DEPRECATED_OBJC_IMPLEMENTATIONS = YES;
				CLANG_WARN_DIRECT_OBJC_ISA_USAGE = YES_ERROR;
				CLANG_WARN_DOCUMENTATION_COMMENTS = YES;
				CLANG_WARN_EMPTY_BODY = YES;
				CLANG_WARN_ENUM_CONVERSION = YES;
				CLANG_WARN_INFINITE_RECURSION = YES;
				CLANG_WARN_INT_CONVERSION = YES;
				CLANG_WARN_NON_LITERAL_NULL_CONVERSION = YES;
				CLANG_WARN_OBJC_IMPLICIT_RETAIN_SELF = YES;
				CLANG_WARN_OBJC_LITERAL_CONVERSION = YES;
				CLANG_WARN_OBJC_ROOT_CLASS = YES_ERROR;
				CLANG_WARN_RANGE_LOOP_ANALYSIS = YES;
				CLANG_WARN_STRICT_PROTOTYPES = YES;
				CLANG_WARN_SUSPICIOUS_MOVE = YES;
				CLANG_WARN_UNGUARDED_AVAILABILITY = YES_AGGRESSIVE;
				CLANG_WARN_UNREACHABLE_CODE = YES;
				CLANG_WARN__DUPLICATE_METHOD_MATCH = YES;
				CODE_SIGN_IDENTITY = "iPhone Developer";
				COPY_PHASE_STRIP = NO;
				DEBUG_INFORMATION_FORMAT = "dwarf-with-dsym";
				ENABLE_NS_ASSERTIONS = NO;
				ENABLE_STRICT_OBJC_MSGSEND = YES;
				GCC_C_LANGUAGE_STANDARD = gnu11;
				GCC_NO_COMMON_BLOCKS = YES;
				GCC_WARN_64_TO_32_BIT_CONVERSION = YES;
				GCC_WARN_ABOUT_RETURN_TYPE = YES_ERROR;
				GCC_WARN_UNDECLARED_SELECTOR = YES;
				GCC_WARN_UNINITIALIZED_AUTOS = YES_AGGRESSIVE;
				GCC_WARN_UNUSED_FUNCTION = YES;
				GCC_WARN_UNUSED_VARIABLE = YES;
				IPHONEOS_DEPLOYMENT_TARGET = 12.4;
				MTL_ENABLE_DEBUG_INFO = NO;
				MTL_FAST_MATH = YES;
				SDKROOT = iphoneos;
				SWIFT_COMPILATION_MODE = wholemodule;
				SWIFT_OPTIMIZATION_LEVEL = "-O";
				VALIDATE_PRODUCT = YES;
			};
			name = Release;
		};
		2A2698ED242C49CE006166C8 /* Debug */ = {
			isa = XCBuildConfiguration;
			buildSettings = {
				ASSETCATALOG_COMPILER_APPICON_NAME = AppIcon;
				CODE_SIGN_STYLE = Automatic;
				DEVELOPMENT_TEAM = 99C269W3DC;
				INFOPLIST_FILE = Task/Info.plist;
				LD_RUNPATH_SEARCH_PATHS = (
					"$(inherited)",
					"@executable_path/Frameworks",
				);
				PRODUCT_BUNDLE_IDENTIFIER = com.seif.Task;
				PRODUCT_NAME = "$(TARGET_NAME)";
				SWIFT_VERSION = 5.0;
				TARGETED_DEVICE_FAMILY = "1,2";
			};
			name = Debug;
		};
		2A2698EE242C49CE006166C8 /* Release */ = {
			isa = XCBuildConfiguration;
			buildSettings = {
				ASSETCATALOG_COMPILER_APPICON_NAME = AppIcon;
				CODE_SIGN_STYLE = Automatic;
				DEVELOPMENT_TEAM = 99C269W3DC;
				INFOPLIST_FILE = Task/Info.plist;
				LD_RUNPATH_SEARCH_PATHS = (
					"$(inherited)",
					"@executable_path/Frameworks",
				);
				PRODUCT_BUNDLE_IDENTIFIER = com.seif.Task;
				PRODUCT_NAME = "$(TARGET_NAME)";
				SWIFT_VERSION = 5.0;
				TARGETED_DEVICE_FAMILY = "1,2";
			};
			name = Release;
		};
/* End XCBuildConfiguration section */

/* Begin XCConfigurationList section */
		2A2698D5242C49C8006166C8 /* Build configuration list for PBXProject "Task" */ = {
			isa = XCConfigurationList;
			buildConfigurations = (
				2A2698EA242C49CE006166C8 /* Debug */,
				2A2698EB242C49CE006166C8 /* Release */,
			);
			defaultConfigurationIsVisible = 0;
			defaultConfigurationName = Release;
		};
		2A2698EC242C49CE006166C8 /* Build configuration list for PBXNativeTarget "Task" */ = {
			isa = XCConfigurationList;
			buildConfigurations = (
				2A2698ED242C49CE006166C8 /* Debug */,
				2A2698EE242C49CE006166C8 /* Release */,
			);
			defaultConfigurationIsVisible = 0;
			defaultConfigurationName = Release;
		};
/* End XCConfigurationList section */
	};
	rootObject = 2A2698D2242C49C8006166C8 /* Project object */;
}
